
Microsoft Visual Studio Solution File, Format Version 12.00
# Visual Studio Version 17
VisualStudioVersion = 17.11.35303.130
MinimumVisualStudioVersion = 10.0.40219.1
Project("{FAE04EC0-301F-11D3-BF4B-00C04F79EFBC}") = "FfxivArgLauncher", "FfxivArgLauncher.csproj", "{08913ADE-5259-493D-8B26-6C7CCC03ECD4}"
EndProject
Global
	GlobalSection(SolutionConfigurationPlatforms) = preSolution
		Debug|Any CPU = Debug|Any CPU
		Release|Any CPU = Release|Any CPU
	EndGlobalSection
	GlobalSection(ProjectConfigurationPlatforms) = postSolution
		{08913ADE-5259-493D-8B26-6C7CCC03ECD4}.Debug|Any CPU.ActiveCfg = Debug|Any CPU
		{08913ADE-5259-493D-8B26-6C7CCC03ECD4}.Debug|Any CPU.Build.0 = Debug|Any CPU
		{08913ADE-5259-493D-8B26-6C7CCC03ECD4}.Release|Any CPU.ActiveCfg = Release|Any CPU
		{08913ADE-5259-493D-8B26-6C7CCC03ECD4}.Release|Any CPU.Build.0 = Release|Any CPU
	EndGlobalSection
	GlobalSection(SolutionProperties) = preSolution
		HideSolutionNode = FALSE
	EndGlobalSection
	GlobalSection(ExtensibilityGlobals) = postSolution
		SolutionGuid = {96697544-64C8-44A7-B6A1-05781F2483C8}
	EndGlobalSection
EndGlobal
